
Microsoft Visual Studio Solution File, Format Version 12.00
# Visual Studio Version 17
VisualStudioVersion = 17.4.33205.214
MinimumVisualStudioVersion = 10.0.40219.1
Project("{8BC9CEB8-8B4A-11D0-8D11-00A0C91BC942}") = "LAB_2_Algorytmika", "LAB_2_Algorytmika.vcxproj", "{0EB9CEDB-C34A-421B-9F20-84D2876A27FA}"
EndProject
Global
	GlobalSection(SolutionConfigurationPlatforms) = preSolution
		Debug|x64 = Debug|x64
		Debug|x86 = Debug|x86
		Release|x64 = Release|x64
		Release|x86 = Release|x86
	EndGlobalSection
	GlobalSection(ProjectConfigurationPlatforms) = postSolution
		{0EB9CEDB-C34A-421B-9F20-84D2876A27FA}.Debug|x64.ActiveCfg = Debug|x64
		{0EB9CEDB-C34A-421B-9F20-84D2876A27FA}.Debug|x64.Build.0 = Debug|x64
		{0EB9CEDB-C34A-421B-9F20-84D2876A27FA}.Debug|x86.ActiveCfg = Debug|Win32
		{0EB9CEDB-C34A-421B-9F20-84D2876A27FA}.Debug|x86.Build.0 = Debug|Win32
		{0EB9CEDB-C34A-421B-9F20-84D2876A27FA}.Release|x64.ActiveCfg = Release|x64
		{0EB9CEDB-C34A-421B-9F20-84D2876A27FA}.Release|x64.Build.0 = Release|x64
		{0EB9CEDB-C34A-421B-9F20-84D2876A27FA}.Release|x86.ActiveCfg = Release|Win32
		{0EB9CEDB-C34A-421B-9F20-84D2876A27FA}.Release|x86.Build.0 = Release|Win32
	EndGlobalSection
	GlobalSection(SolutionProperties) = preSolution
		HideSolutionNode = FALSE
	EndGlobalSection
	GlobalSection(ExtensibilityGlobals) = postSolution
		SolutionGuid = {C401E06B-4761-4668-8FF0-3D587E7DC321}
	EndGlobalSection
EndGlobal
